
Microsoft Visual Studio Solution File, Format Version 12.00
# Visual Studio Version 16
VisualStudioVersion = 16.0.30320.27
MinimumVisualStudioVersion = 10.0.40219.1
Project("{FAE04EC0-301F-11D3-BF4B-00C04F79EFBC}") = "EADiagramPublisher", "EADiagramPublisher\EADiagramPublisher.csproj", "{14684C70-5484-4E96-8739-DB8963F4E8A2}"
EndProject
Global
	GlobalSection(SolutionConfigurationPlatforms) = preSolution
		Debug|Any CPU = Debug|Any CPU
		Release|Any CPU = Release|Any CPU
	EndGlobalSection
	GlobalSection(ProjectConfigurationPlatforms) = postSolution
		{14684C70-5484-4E96-8739-DB8963F4E8A2}.Debug|Any CPU.ActiveCfg = Debug|Any CPU
		{14684C70-5484-4E96-8739-DB8963F4E8A2}.Debug|Any CPU.Build.0 = Debug|Any CPU
		{14684C70-5484-4E96-8739-DB8963F4E8A2}.Release|Any CPU.ActiveCfg = Release|Any CPU
		{14684C70-5484-4E96-8739-DB8963F4E8A2}.Release|Any CPU.Build.0 = Release|Any CPU
	EndGlobalSection
	GlobalSection(SolutionProperties) = preSolution
		HideSolutionNode = FALSE
	EndGlobalSection
	GlobalSection(ExtensibilityGlobals) = postSolution
		SolutionGuid = {57A0DE82-4650-493E-90B7-574CA4CCBD6D}
	EndGlobalSection
EndGlobal
